
Microsoft Visual Studio Solution File, Format Version 12.00
# Visual Studio 14
VisualStudioVersion = 14.0.25420.1
MinimumVisualStudioVersion = 10.0.40219.1
Project("{2150E333-8FDC-42A3-9474-1A3956D46DE8}") = "src", "src", "{6D875A0E-6169-44DB-9033-72C014F08D90}"
EndProject
Project("{2150E333-8FDC-42A3-9474-1A3956D46DE8}") = "Solution Items", "Solution Items", "{57968F4A-2265-4A3C-B590-6E1C6D98B4B0}"
	ProjectSection(SolutionItems) = preProject
		.gitignore = .gitignore
		global.json = global.json
		LICENSE = LICENSE
		README.md = README.md
		reference.txt = reference.txt
	EndProjectSection
EndProject
Project("{8BB2217D-0F2D-49D1-97BC-3654ED321F3B}") = "SM.DataModels.Stuff", "src\SM.DataModels.Stuff\SM.DataModels.Stuff.xproj", "{CC1AFFBA-840E-45F5-A8AA-5B81941D23A8}"
EndProject
Project("{8BB2217D-0F2D-49D1-97BC-3654ED321F3B}") = "SM.Tests.DataModels", "src\SM.Tests.DataModels\SM.Tests.DataModels.xproj", "{C3B1D443-3603-4D61-8AD0-FC86D917C2E3}"
EndProject
Project("{8BB2217D-0F2D-49D1-97BC-3654ED321F3B}") = "SM.DataModels.StuffDataModel.Web", "src\SM.DataModels.StuffDataModel.Web\SM.DataModels.StuffDataModel.Web.xproj", "{18DCFA14-6875-47B8-8554-A38E7F3CA552}"
EndProject
Project("{8BB2217D-0F2D-49D1-97BC-3654ED321F3B}") = "SM.DataModels.StuffDataModel.Intermediate", "src\SM.DataModels.StuffDataModel.Intermediate\SM.DataModels.StuffDataModel.Intermediate.xproj", "{5C94964B-8E64-4E97-A56D-ECC766084C8D}"
EndProject
Project("{8BB2217D-0F2D-49D1-97BC-3654ED321F3B}") = "SM.Tests.DataModels.Intermediate", "src\SM.Tests.DataModels.Intermediate\SM.Tests.DataModels.Intermediate.xproj", "{69E2FB5E-0FB8-4F09-AA72-B8FA6502BAB5}"
EndProject
Global
	GlobalSection(SolutionConfigurationPlatforms) = preSolution
		Debug|Any CPU = Debug|Any CPU
		Release|Any CPU = Release|Any CPU
	EndGlobalSection
	GlobalSection(ProjectConfigurationPlatforms) = postSolution
		{CC1AFFBA-840E-45F5-A8AA-5B81941D23A8}.Debug|Any CPU.ActiveCfg = Debug|Any CPU
		{CC1AFFBA-840E-45F5-A8AA-5B81941D23A8}.Debug|Any CPU.Build.0 = Debug|Any CPU
		{CC1AFFBA-840E-45F5-A8AA-5B81941D23A8}.Release|Any CPU.ActiveCfg = Release|Any CPU
		{CC1AFFBA-840E-45F5-A8AA-5B81941D23A8}.Release|Any CPU.Build.0 = Release|Any CPU
		{C3B1D443-3603-4D61-8AD0-FC86D917C2E3}.Debug|Any CPU.ActiveCfg = Debug|Any CPU
		{C3B1D443-3603-4D61-8AD0-FC86D917C2E3}.Debug|Any CPU.Build.0 = Debug|Any CPU
		{C3B1D443-3603-4D61-8AD0-FC86D917C2E3}.Release|Any CPU.ActiveCfg = Release|Any CPU
		{C3B1D443-3603-4D61-8AD0-FC86D917C2E3}.Release|Any CPU.Build.0 = Release|Any CPU
		{18DCFA14-6875-47B8-8554-A38E7F3CA552}.Debug|Any CPU.ActiveCfg = Debug|Any CPU
		{18DCFA14-6875-47B8-8554-A38E7F3CA552}.Debug|Any CPU.Build.0 = Debug|Any CPU
		{18DCFA14-6875-47B8-8554-A38E7F3CA552}.Release|Any CPU.ActiveCfg = Release|Any CPU
		{18DCFA14-6875-47B8-8554-A38E7F3CA552}.Release|Any CPU.Build.0 = Release|Any CPU
		{5C94964B-8E64-4E97-A56D-ECC766084C8D}.Debug|Any CPU.ActiveCfg = Debug|Any CPU
		{5C94964B-8E64-4E97-A56D-ECC766084C8D}.Debug|Any CPU.Build.0 = Debug|Any CPU
		{5C94964B-8E64-4E97-A56D-ECC766084C8D}.Release|Any CPU.ActiveCfg = Release|Any CPU
		{5C94964B-8E64-4E97-A56D-ECC766084C8D}.Release|Any CPU.Build.0 = Release|Any CPU
		{69E2FB5E-0FB8-4F09-AA72-B8FA6502BAB5}.Debug|Any CPU.ActiveCfg = Debug|Any CPU
		{69E2FB5E-0FB8-4F09-AA72-B8FA6502BAB5}.Debug|Any CPU.Build.0 = Debug|Any CPU
		{69E2FB5E-0FB8-4F09-AA72-B8FA6502BAB5}.Release|Any CPU.ActiveCfg = Release|Any CPU
		{69E2FB5E-0FB8-4F09-AA72-B8FA6502BAB5}.Release|Any CPU.Build.0 = Release|Any CPU
	EndGlobalSection
	GlobalSection(SolutionProperties) = preSolution
		HideSolutionNode = FALSE
	EndGlobalSection
	GlobalSection(NestedProjects) = preSolution
		{CC1AFFBA-840E-45F5-A8AA-5B81941D23A8} = {6D875A0E-6169-44DB-9033-72C014F08D90}
		{C3B1D443-3603-4D61-8AD0-FC86D917C2E3} = {6D875A0E-6169-44DB-9033-72C014F08D90}
		{18DCFA14-6875-47B8-8554-A38E7F3CA552} = {6D875A0E-6169-44DB-9033-72C014F08D90}
		{5C94964B-8E64-4E97-A56D-ECC766084C8D} = {6D875A0E-6169-44DB-9033-72C014F08D90}
		{69E2FB5E-0FB8-4F09-AA72-B8FA6502BAB5} = {6D875A0E-6169-44DB-9033-72C014F08D90}
	EndGlobalSection
EndGlobal
